
Microsoft Visual Studio Solution File, Format Version 12.00
# Visual Studio 15
Project("{FAE04EC0-301F-11D3-BF4B-00C04F79EFBC}") = "MathsApp", "MathsApp.csproj", "{E89F2272-3D62-44AB-8ACE-6E398305D163}"
EndProject
Global
	GlobalSection(SolutionConfigurationPlatforms) = preSolution
		Debug|anycpu = Debug|anycpu
		Release|anycpu = Release|anycpu
	EndGlobalSection
	GlobalSection(ProjectConfigurationPlatforms) = postSolution
		{E89F2272-3D62-44AB-8ACE-6E398305D163}.Debug|anycpu.ActiveCfg = Debug|anycpu
		{E89F2272-3D62-44AB-8ACE-6E398305D163}.Debug|anycpu.Build.0 = Debug|anycpu
		{E89F2272-3D62-44AB-8ACE-6E398305D163}.Release|anycpu.ActiveCfg = Release|anycpu
		{E89F2272-3D62-44AB-8ACE-6E398305D163}.Release|anycpu.Build.0 = Release|anycpu
	EndGlobalSection
EndGlobal
